
Microsoft Visual Studio Solution File, Format Version 12.00
# Visual Studio Version 16
VisualStudioVersion = 16.0.30503.244
MinimumVisualStudioVersion = 10.0.40219.1
Project("{FAE04EC0-301F-11D3-BF4B-00C04F79EFBC}") = "Andriks.HueApiDemo", "src\Andriks.HueApiDemo.csproj", "{0F23D0A2-F92E-4850-91B3-164A47790151}"
EndProject
Global
	GlobalSection(SolutionConfigurationPlatforms) = preSolution
		Debug|Any CPU = Debug|Any CPU
		Release|Any CPU = Release|Any CPU
	EndGlobalSection
	GlobalSection(ProjectConfigurationPlatforms) = postSolution
		{0F23D0A2-F92E-4850-91B3-164A47790151}.Debug|Any CPU.ActiveCfg = Debug|Any CPU
		{0F23D0A2-F92E-4850-91B3-164A47790151}.Debug|Any CPU.Build.0 = Debug|Any CPU
		{0F23D0A2-F92E-4850-91B3-164A47790151}.Release|Any CPU.ActiveCfg = Release|Any CPU
		{0F23D0A2-F92E-4850-91B3-164A47790151}.Release|Any CPU.Build.0 = Release|Any CPU
	EndGlobalSection
	GlobalSection(SolutionProperties) = preSolution
		HideSolutionNode = FALSE
	EndGlobalSection
	GlobalSection(ExtensibilityGlobals) = postSolution
		SolutionGuid = {FB178BF3-40EB-4FC4-8AAA-FE86387410EA}
	EndGlobalSection
EndGlobal
